
Microsoft Visual Studio Solution File, Format Version 12.00
# Visual Studio Version 17
VisualStudioVersion = 17.3.32922.545
MinimumVisualStudioVersion = 10.0.40219.1
Project("{FAE04EC0-301F-11D3-BF4B-00C04F79EFBC}") = "CCT.MetodosExtensao.App", "CCT.MetodosExtensao.App\CCT.MetodosExtensao.App.csproj", "{A66593CA-A40F-4843-8FAB-FF48CB32EA38}"
EndProject
Project("{FAE04EC0-301F-11D3-BF4B-00C04F79EFBC}") = "CCT.MetodosExtensao.UnitTest", "CCT.MetodosExtensao.UnitTest\CCT.MetodosExtensao.UnitTest.csproj", "{D602B3C4-9DA1-4092-ADEF-23F5463A85BB}"
EndProject
Global
	GlobalSection(SolutionConfigurationPlatforms) = preSolution
		Debug|Any CPU = Debug|Any CPU
		Release|Any CPU = Release|Any CPU
	EndGlobalSection
	GlobalSection(ProjectConfigurationPlatforms) = postSolution
		{A66593CA-A40F-4843-8FAB-FF48CB32EA38}.Debug|Any CPU.ActiveCfg = Debug|Any CPU
		{A66593CA-A40F-4843-8FAB-FF48CB32EA38}.Debug|Any CPU.Build.0 = Debug|Any CPU
		{A66593CA-A40F-4843-8FAB-FF48CB32EA38}.Release|Any CPU.ActiveCfg = Release|Any CPU
		{A66593CA-A40F-4843-8FAB-FF48CB32EA38}.Release|Any CPU.Build.0 = Release|Any CPU
		{D602B3C4-9DA1-4092-ADEF-23F5463A85BB}.Debug|Any CPU.ActiveCfg = Debug|Any CPU
		{D602B3C4-9DA1-4092-ADEF-23F5463A85BB}.Debug|Any CPU.Build.0 = Debug|Any CPU
		{D602B3C4-9DA1-4092-ADEF-23F5463A85BB}.Release|Any CPU.ActiveCfg = Release|Any CPU
		{D602B3C4-9DA1-4092-ADEF-23F5463A85BB}.Release|Any CPU.Build.0 = Release|Any CPU
	EndGlobalSection
	GlobalSection(SolutionProperties) = preSolution
		HideSolutionNode = FALSE
	EndGlobalSection
	GlobalSection(ExtensibilityGlobals) = postSolution
		SolutionGuid = {F82FE56C-906E-4D4C-A5E8-7D05C094CE34}
	EndGlobalSection
EndGlobal
